# generated by rye
# use `rye lock` or `rye sync` to update this lockfile
#
# last locked with the following flags:
#   pre: false
#   features: []
#   all-features: false
#   with-sources: false
#   generate-hashes: false
#   universal: false

-e file:.
accelerate==0.24.1
    # via extraction-ai
aiohappyeyeballs==2.6.1
    # via aiohttp
aiohttp==3.12.13
    # via datasets
    # via fsspec
aiosignal==1.3.2
    # via aiohttp
albucore==0.0.17
    # via albumentations
albumentations==1.4.18
    # via extraction-ai
annotated-types==0.7.0
    # via pydantic
anyio==4.9.0
    # via httpx
attrs==25.3.0
    # via aiohttp
brotli==1.1.0
    # via fonttools
certifi==2025.6.15
    # via httpcore
    # via httpx
    # via requests
cffi==1.17.1
    # via cryptography
    # via weasyprint
chardet==5.2.0
    # via reportlab
charset-normalizer==3.4.2
    # via pdfminer-six
    # via requests
click==8.2.1
    # via typer
cryptography==45.0.4
    # via pdfminer-six
cssselect2==0.8.0
    # via weasyprint
datasets==2.14.6
    # via evaluate
    # via extraction-ai
dill==0.3.7
    # via datasets
    # via evaluate
    # via multiprocess
et-xmlfile==2.0.0
    # via openpyxl
eval-type-backport==0.2.2
    # via albumentations
evaluate==0.4.1
    # via extraction-ai
faker==25.2.0
    # via extraction-ai
filelock==3.18.0
    # via huggingface-hub
    # via torch
    # via transformers
fonttools==4.58.4
    # via weasyprint
frozenlist==1.7.0
    # via aiohttp
    # via aiosignal
fsspec==2023.10.0
    # via datasets
    # via evaluate
    # via huggingface-hub
    # via torch
h11==0.16.0
    # via httpcore
hf-xet==1.1.5
    # via huggingface-hub
html5lib==1.1
    # via weasyprint
httpcore==1.0.9
    # via httpx
httpx==0.28.1
    # via mistralai
huggingface-hub==0.33.1
    # via accelerate
    # via datasets
    # via evaluate
    # via tokenizers
    # via transformers
idna==3.10
    # via anyio
    # via httpx
    # via requests
    # via yarl
imageio==2.37.0
    # via scikit-image
iniconfig==2.1.0
    # via pytest
jinja2==3.1.4
    # via extraction-ai
    # via torch
lazy-loader==0.4
    # via scikit-image
markdown-it-py==3.0.0
    # via rich
markupsafe==3.0.2
    # via jinja2
mdurl==0.1.2
    # via markdown-it-py
mistralai==0.4.2
    # via extraction-ai
mpmath==1.3.0
    # via sympy
multidict==6.5.1
    # via aiohttp
    # via yarl
multiprocess==0.70.15
    # via datasets
    # via evaluate
networkx==3.5
    # via scikit-image
    # via torch
numpy==2.1.2
    # via accelerate
    # via albucore
    # via albumentations
    # via datasets
    # via evaluate
    # via extraction-ai
    # via imageio
    # via opencv-python-headless
    # via pandas
    # via scikit-image
    # via scipy
    # via tifffile
    # via transformers
opencv-python-headless==4.10.0.82
    # via albucore
    # via albumentations
openpyxl==3.1.5
    # via extraction-ai
orjson==3.10.18
    # via mistralai
packaging==25.0
    # via accelerate
    # via datasets
    # via evaluate
    # via huggingface-hub
    # via lazy-loader
    # via pytest
    # via scikit-image
    # via transformers
pandas==2.2.3
    # via datasets
    # via evaluate
    # via extraction-ai
pdf2image==1.17.0
    # via extraction-ai
pdfminer-six==20231228
    # via pdfplumber
pdfplumber==0.11.4
    # via extraction-ai
pillow==10.4.0
    # via extraction-ai
    # via imageio
    # via pdf2image
    # via pdfplumber
    # via reportlab
    # via scikit-image
    # via weasyprint
pluggy==1.6.0
    # via pytest
propcache==0.3.2
    # via aiohttp
    # via yarl
protobuf==6.31.1
psutil==7.0.0
    # via accelerate
pyarrow==20.0.0
    # via datasets
pycparser==2.22
    # via cffi
pydantic==2.7.1
    # via albumentations
    # via extraction-ai
    # via mistralai
pydantic-core==2.18.2
    # via pydantic
pydyf==0.11.0
    # via weasyprint
pygments==2.19.2
    # via rich
pymupdf==1.24.10
    # via extraction-ai
pymupdfb==1.24.10
    # via pymupdf
pypdf2==3.0.1
    # via extraction-ai
pypdfium2==4.30.1
    # via pdfplumber
pyphen==0.17.2
    # via weasyprint
pytest==8.3.3
    # via extraction-ai
python-dateutil==2.9.0.post0
    # via faker
    # via pandas
python-dotenv==1.1.1
    # via extraction-ai
pytz==2025.2
    # via pandas
pyyaml==6.0.2
    # via accelerate
    # via albumentations
    # via datasets
    # via extraction-ai
    # via huggingface-hub
    # via transformers
regex==2024.11.6
    # via transformers
reportlab==4.2.0
    # via extraction-ai
requests==2.32.4
    # via datasets
    # via evaluate
    # via fsspec
    # via huggingface-hub
    # via responses
    # via transformers
responses==0.18.0
    # via evaluate
rich==14.0.0
    # via typer
ruff==0.12.1
safetensors==0.5.3
    # via transformers
scikit-image==0.25.2
    # via albumentations
scipy==1.16.0
    # via albumentations
    # via scikit-image
sentencepiece==0.2.0
shellingham==1.5.4
    # via typer
six==1.17.0
    # via html5lib
    # via python-dateutil
sniffio==1.3.1
    # via anyio
sympy==1.14.0
    # via torch
tifffile==2025.6.11
    # via scikit-image
tinycss2==1.4.0
    # via cssselect2
    # via weasyprint
tokenizers==0.20.3
    # via transformers
torch==2.4.1
    # via accelerate
    # via extraction-ai
tqdm==4.67.1
    # via datasets
    # via evaluate
    # via huggingface-hub
    # via transformers
transformers==4.45.2
    # via extraction-ai
typer==0.16.0
typing-extensions==4.14.0
    # via anyio
    # via huggingface-hub
    # via pydantic
    # via pydantic-core
    # via torch
    # via typer
tzdata==2025.2
    # via pandas
urllib3==2.5.0
    # via requests
    # via responses
weasyprint==62.0
    # via extraction-ai
webencodings==0.5.1
    # via cssselect2
    # via html5lib
    # via tinycss2
xxhash==3.5.0
    # via datasets
    # via evaluate
yarl==1.20.1
    # via aiohttp
zopfli==0.2.3.post1
    # via fonttools
